// !$*UTF8*$!
{
	archiveVersion = 1;
	classes = {
	};
	objectVersion = 77;
	objects = {

/* Begin PBXBuildFile section */
		18139B3B2DC4987800E836AE /* FFmpegxrosKit.framework in Frameworks */ = {isa = PBXBuildFile; fileRef = 18139B312DC4987700E836AE /* FFmpegxrosKit.framework */; };
		18139B4C2DC4987F00E836AE /* FFmpegxrosKit.h in Headers */ = {isa = PBXBuildFile; fileRef = 18139B4A2DC4987F00E836AE /* FFmpegxrosKit.h */; settings = {ATTRIBUTES = (Public, ); }; };
		18139B4F2DC4988100E836AE /* FFmpegxrosKitTests.m in Sources */ = {isa = PBXBuildFile; fileRef = 18139B4D2DC4988100E836AE /* FFmpegxrosKitTests.m */; };
		18139C1E2DC4989400E836AE /* syslib_channelMapDescr.h in Headers */ = {isa = PBXBuildFile; fileRef = 18139B552DC4989400E836AE /* syslib_channelMapDescr.h */; };
		18139C1F2DC4989400E836AE /* lame.h in Headers */ = {isa = PBXBuildFile; fileRef = 18139C082DC4989400E836AE /* lame.h */; };
		18139C2C2DC4989400E836AE /* cmdutils.h in Headers */ = {isa = PBXBuildFile; fileRef = 18139BFC2DC4989400E836AE /* cmdutils.h */; };
		18139C2F2DC4989400E836AE /* ffmpeg.h in Headers */ = {isa = PBXBuildFile; fileRef = 18139BFF2DC4989400E836AE /* ffmpeg.h */; };
		18139C3C2DC4989400E836AE /* x264.h in Headers */ = {isa = PBXBuildFile; fileRef = 18139C0D2DC4989400E836AE /* x264.h */; };
		18139C422DC4989400E836AE /* aacenc_lib.h in Headers */ = {isa = PBXBuildFile; fileRef = 18139B512DC4989400E836AE /* aacenc_lib.h */; };
		18139C4E2DC4989400E836AE /* x265_config.h in Headers */ = {isa = PBXBuildFile; fileRef = 18139C142DC4989400E836AE /* x265_config.h */; };
		18139C582DC4989400E836AE /* x264_config.h in Headers */ = {isa = PBXBuildFile; fileRef = 18139C0E2DC4989400E836AE /* x264_config.h */; };
		18139C5A2DC4989400E836AE /* aacdecoder_lib.h in Headers */ = {isa = PBXBuildFile; fileRef = 18139B502DC4989400E836AE /* aacdecoder_lib.h */; };
		18139C6A2DC4989400E836AE /* config.h in Headers */ = {isa = PBXBuildFile; fileRef = 18139BFE2DC4989400E836AE /* config.h */; };
		18139C882DC4989400E836AE /* FDK_audio.h in Headers */ = {isa = PBXBuildFile; fileRef = 18139B522DC4989400E836AE /* FDK_audio.h */; };
		18139C912DC4989400E836AE /* machine_type.h in Headers */ = {isa = PBXBuildFile; fileRef = 18139B542DC4989400E836AE /* machine_type.h */; };
		18139C952DC4989400E836AE /* x265.h in Headers */ = {isa = PBXBuildFile; fileRef = 18139C132DC4989400E836AE /* x265.h */; };
		18139C9D2DC4989400E836AE /* genericStds.h in Headers */ = {isa = PBXBuildFile; fileRef = 18139B532DC4989400E836AE /* genericStds.h */; };
		18139CB42DC4989400E836AE /* cmdutils.c in Sources */ = {isa = PBXBuildFile; fileRef = 18139BFD2DC4989400E836AE /* cmdutils.c */; };
		18139CB52DC4989400E836AE /* ffprobe.c in Sources */ = {isa = PBXBuildFile; fileRef = 18139C052DC4989400E836AE /* ffprobe.c */; };
		18139CB62DC4989400E836AE /* ffmpeg_hw.c in Sources */ = {isa = PBXBuildFile; fileRef = 18139C022DC4989400E836AE /* ffmpeg_hw.c */; };
		18139CB92DC4989400E836AE /* ffmpeg_opt.c in Sources */ = {isa = PBXBuildFile; fileRef = 18139C032DC4989400E836AE /* ffmpeg_opt.c */; };
		18139CBA2DC4989400E836AE /* ffmpeg_videotoolbox.c in Sources */ = {isa = PBXBuildFile; fileRef = 18139C042DC4989400E836AE /* ffmpeg_videotoolbox.c */; };
		18139CBB2DC4989400E836AE /* ffmpeg.c in Sources */ = {isa = PBXBuildFile; fileRef = 18139C002DC4989400E836AE /* ffmpeg.c */; };
		18139CBC2DC4989400E836AE /* ffmpeg_filter.c in Sources */ = {isa = PBXBuildFile; fileRef = 18139C012DC4989400E836AE /* ffmpeg_filter.c */; };
		18139CCC2DC498B200E836AE /* AudioToolbox.framework in Frameworks */ = {isa = PBXBuildFile; fileRef = 18139CCA2DC498B200E836AE /* AudioToolbox.framework */; };
		18139CCD2DC498B200E836AE /* VideoToolbox.framework in Frameworks */ = {isa = PBXBuildFile; fileRef = 18139CCB2DC498B200E836AE /* VideoToolbox.framework */; };
		18139CCF2DC498B700E836AE /* AVFoundation.framework in Frameworks */ = {isa = PBXBuildFile; fileRef = 18139CCE2DC498B700E836AE /* AVFoundation.framework */; };
		18139CD12DC498BD00E836AE /* libz.tbd in Frameworks */ = {isa = PBXBuildFile; fileRef = 18139CD02DC498BD00E836AE /* libz.tbd */; };
		18139CD32DC498CE00E836AE /* libbz2.tbd in Frameworks */ = {isa = PBXBuildFile; fileRef = 18139CD22DC498CE00E836AE /* libbz2.tbd */; };
		18139CD52DC498D400E836AE /* libc++.tbd in Frameworks */ = {isa = PBXBuildFile; fileRef = 18139CD42DC498D400E836AE /* libc++.tbd */; };
		18139CD72DC498DD00E836AE /* libiconv.tbd in Frameworks */ = {isa = PBXBuildFile; fileRef = 18139CD62DC498DD00E836AE /* libiconv.tbd */; };
		18139CDF2DC49CD800E836AE /* FFmpegCmd.h in Headers */ = {isa = PBXBuildFile; fileRef = 18139CD82DC49CD800E836AE /* FFmpegCmd.h */; settings = {ATTRIBUTES = (Public, ); }; };
		18139CE02DC49CD800E836AE /* FFmpegCmdFormat.h in Headers */ = {isa = PBXBuildFile; fileRef = 18139CDA2DC49CD800E836AE /* FFmpegCmdFormat.h */; settings = {ATTRIBUTES = (Public, ); }; };
		18139CE12DC49CD800E836AE /* FFmpegCommon.h in Headers */ = {isa = PBXBuildFile; fileRef = 18139CDC2DC49CD800E836AE /* FFmpegCommon.h */; settings = {ATTRIBUTES = (Public, ); }; };
		18139CE22DC49CD800E836AE /* NSString+FFmpeg.h in Headers */ = {isa = PBXBuildFile; fileRef = 18139CDD2DC49CD800E836AE /* NSString+FFmpeg.h */; };
		18139CE32DC49CD800E836AE /* FFmpegCmd.m in Sources */ = {isa = PBXBuildFile; fileRef = 18139CD92DC49CD800E836AE /* FFmpegCmd.m */; };
		18139CE42DC49CD800E836AE /* NSString+FFmpeg.m in Sources */ = {isa = PBXBuildFile; fileRef = 18139CDE2DC49CD800E836AE /* NSString+FFmpeg.m */; };
		18139CE52DC49CD800E836AE /* FFmpegCmdFormat.m in Sources */ = {isa = PBXBuildFile; fileRef = 18139CDB2DC49CD800E836AE /* FFmpegCmdFormat.m */; };
		18139CE72DC49DFC00E836AE /* CoreAudio.framework in Frameworks */ = {isa = PBXBuildFile; fileRef = 18139CE62DC49DFC00E836AE /* CoreAudio.framework */; };
/* End PBXBuildFile section */

/* Begin PBXContainerItemProxy section */
		18139B3C2DC4987800E836AE /* PBXContainerItemProxy */ = {
			isa = PBXContainerItemProxy;
			containerPortal = 18139B282DC4987700E836AE /* Project object */;
			proxyType = 1;
			remoteGlobalIDString = 18139B302DC4987700E836AE;
			remoteInfo = FFmpegxrosKit;
		};
/* End PBXContainerItemProxy section */

/* Begin PBXFileReference section */
		18139B312DC4987700E836AE /* FFmpegxrosKit.framework */ = {isa = PBXFileReference; explicitFileType = wrapper.framework; includeInIndex = 0; path = FFmpegxrosKit.framework; sourceTree = BUILT_PRODUCTS_DIR; };
		18139B3A2DC4987800E836AE /* FFmpegxrosKitTests.xctest */ = {isa = PBXFileReference; explicitFileType = wrapper.cfbundle; includeInIndex = 0; path = FFmpegxrosKitTests.xctest; sourceTree = BUILT_PRODUCTS_DIR; };
		18139B4A2DC4987F00E836AE /* FFmpegxrosKit.h */ = {isa = PBXFileReference; lastKnownFileType = sourcecode.c.h; path = FFmpegxrosKit.h; sourceTree = "<group>"; };
		18139B4D2DC4988100E836AE /* FFmpegxrosKitTests.m */ = {isa = PBXFileReference; lastKnownFileType = sourcecode.c.objc; path = FFmpegxrosKitTests.m; sourceTree = "<group>"; };
		18139B502DC4989400E836AE /* aacdecoder_lib.h */ = {isa = PBXFileReference; lastKnownFileType = sourcecode.c.h; path = aacdecoder_lib.h; sourceTree = "<group>"; };
		18139B512DC4989400E836AE /* aacenc_lib.h */ = {isa = PBXFileReference; lastKnownFileType = sourcecode.c.h; path = aacenc_lib.h; sourceTree = "<group>"; };
		18139B522DC4989400E836AE /* FDK_audio.h */ = {isa = PBXFileReference; lastKnownFileType = sourcecode.c.h; path = FDK_audio.h; sourceTree = "<group>"; };
		18139B532DC4989400E836AE /* genericStds.h */ = {isa = PBXFileReference; lastKnownFileType = sourcecode.c.h; path = genericStds.h; sourceTree = "<group>"; };
		18139B542DC4989400E836AE /* machine_type.h */ = {isa = PBXFileReference; lastKnownFileType = sourcecode.c.h; path = machine_type.h; sourceTree = "<group>"; };
		18139B552DC4989400E836AE /* syslib_channelMapDescr.h */ = {isa = PBXFileReference; lastKnownFileType = sourcecode.c.h; path = syslib_channelMapDescr.h; sourceTree = "<group>"; };
		18139BFC2DC4989400E836AE /* cmdutils.h */ = {isa = PBXFileReference; lastKnownFileType = sourcecode.c.h; path = cmdutils.h; sourceTree = "<group>"; };
		18139BFD2DC4989400E836AE /* cmdutils.c */ = {isa = PBXFileReference; lastKnownFileType = sourcecode.c.c; path = cmdutils.c; sourceTree = "<group>"; };
		18139BFE2DC4989400E836AE /* config.h */ = {isa = PBXFileReference; lastKnownFileType = sourcecode.c.h; path = config.h; sourceTree = "<group>"; };
		18139BFF2DC4989400E836AE /* ffmpeg.h */ = {isa = PBXFileReference; lastKnownFileType = sourcecode.c.h; path = ffmpeg.h; sourceTree = "<group>"; };
		18139C002DC4989400E836AE /* ffmpeg.c */ = {isa = PBXFileReference; lastKnownFileType = sourcecode.c.c; path = ffmpeg.c; sourceTree = "<group>"; };
		18139C012DC4989400E836AE /* ffmpeg_filter.c */ = {isa = PBXFileReference; lastKnownFileType = sourcecode.c.c; path = ffmpeg_filter.c; sourceTree = "<group>"; };
		18139C022DC4989400E836AE /* ffmpeg_hw.c */ = {isa = PBXFileReference; lastKnownFileType = sourcecode.c.c; path = ffmpeg_hw.c; sourceTree = "<group>"; };
		18139C032DC4989400E836AE /* ffmpeg_opt.c */ = {isa = PBXFileReference; lastKnownFileType = sourcecode.c.c; path = ffmpeg_opt.c; sourceTree = "<group>"; };
		18139C042DC4989400E836AE /* ffmpeg_videotoolbox.c */ = {isa = PBXFileReference; lastKnownFileType = sourcecode.c.c; path = ffmpeg_videotoolbox.c; sourceTree = "<group>"; };
		18139C052DC4989400E836AE /* ffprobe.c */ = {isa = PBXFileReference; lastKnownFileType = sourcecode.c.c; path = ffprobe.c; sourceTree = "<group>"; };
		18139C082DC4989400E836AE /* lame.h */ = {isa = PBXFileReference; lastKnownFileType = sourcecode.c.h; path = lame.h; sourceTree = "<group>"; };
		18139C0D2DC4989400E836AE /* x264.h */ = {isa = PBXFileReference; lastKnownFileType = sourcecode.c.h; path = x264.h; sourceTree = "<group>"; };
		18139C0E2DC4989400E836AE /* x264_config.h */ = {isa = PBXFileReference; lastKnownFileType = sourcecode.c.h; path = x264_config.h; sourceTree = "<group>"; };
		18139C132DC4989400E836AE /* x265.h */ = {isa = PBXFileReference; lastKnownFileType = sourcecode.c.h; path = x265.h; sourceTree = "<group>"; };
		18139C142DC4989400E836AE /* x265_config.h */ = {isa = PBXFileReference; lastKnownFileType = sourcecode.c.h; path = x265_config.h; sourceTree = "<group>"; };
		18139CCA2DC498B200E836AE /* AudioToolbox.framework */ = {isa = PBXFileReference; lastKnownFileType = wrapper.framework; name = AudioToolbox.framework; path = System/Library/Frameworks/AudioToolbox.framework; sourceTree = SDKROOT; };
		18139CCB2DC498B200E836AE /* VideoToolbox.framework */ = {isa = PBXFileReference; lastKnownFileType = wrapper.framework; name = VideoToolbox.framework; path = System/Library/Frameworks/VideoToolbox.framework; sourceTree = SDKROOT; };
		18139CCE2DC498B700E836AE /* AVFoundation.framework */ = {isa = PBXFileReference; lastKnownFileType = wrapper.framework; name = AVFoundation.framework; path = System/Library/Frameworks/AVFoundation.framework; sourceTree = SDKROOT; };
		18139CD02DC498BD00E836AE /* libz.tbd */ = {isa = PBXFileReference; lastKnownFileType = "sourcecode.text-based-dylib-definition"; name = libz.tbd; path = usr/lib/libz.tbd; sourceTree = SDKROOT; };
		18139CD22DC498CE00E836AE /* libbz2.tbd */ = {isa = PBXFileReference; lastKnownFileType = "sourcecode.text-based-dylib-definition"; name = libbz2.tbd; path = usr/lib/libbz2.tbd; sourceTree = SDKROOT; };
		18139CD42DC498D400E836AE /* libc++.tbd */ = {isa = PBXFileReference; lastKnownFileType = "sourcecode.text-based-dylib-definition"; name = "libc++.tbd"; path = "usr/lib/libc++.tbd"; sourceTree = SDKROOT; };
		18139CD62DC498DD00E836AE /* libiconv.tbd */ = {isa = PBXFileReference; lastKnownFileType = "sourcecode.text-based-dylib-definition"; name = libiconv.tbd; path = usr/lib/libiconv.tbd; sourceTree = SDKROOT; };
		18139CD82DC49CD800E836AE /* FFmpegCmd.h */ = {isa = PBXFileReference; lastKnownFileType = sourcecode.c.h; path = FFmpegCmd.h; sourceTree = "<group>"; };
		18139CD92DC49CD800E836AE /* FFmpegCmd.m */ = {isa = PBXFileReference; lastKnownFileType = sourcecode.c.objc; path = FFmpegCmd.m; sourceTree = "<group>"; };
		18139CDA2DC49CD800E836AE /* FFmpegCmdFormat.h */ = {isa = PBXFileReference; lastKnownFileType = sourcecode.c.h; path = FFmpegCmdFormat.h; sourceTree = "<group>"; };
		18139CDB2DC49CD800E836AE /* FFmpegCmdFormat.m */ = {isa = PBXFileReference; lastKnownFileType = sourcecode.c.objc; path = FFmpegCmdFormat.m; sourceTree = "<group>"; };
		18139CDC2DC49CD800E836AE /* FFmpegCommon.h */ = {isa = PBXFileReference; lastKnownFileType = sourcecode.c.h; path = FFmpegCommon.h; sourceTree = "<group>"; };
		18139CDD2DC49CD800E836AE /* NSString+FFmpeg.h */ = {isa = PBXFileReference; lastKnownFileType = sourcecode.c.h; path = "NSString+FFmpeg.h"; sourceTree = "<group>"; };
		18139CDE2DC49CD800E836AE /* NSString+FFmpeg.m */ = {isa = PBXFileReference; lastKnownFileType = sourcecode.c.objc; path = "NSString+FFmpeg.m"; sourceTree = "<group>"; };
		18139CE62DC49DFC00E836AE /* CoreAudio.framework */ = {isa = PBXFileReference; lastKnownFileType = wrapper.framework; name = CoreAudio.framework; path = System/Library/Frameworks/CoreAudio.framework; sourceTree = SDKROOT; };
/* End PBXFileReference section */

/* Begin PBXFrameworksBuildPhase section */
		18139B2E2DC4987700E836AE /* Frameworks */ = {
			isa = PBXFrameworksBuildPhase;
			buildActionMask = 2147483647;
			files = (
				18139CE72DC49DFC00E836AE /* CoreAudio.framework in Frameworks */,
				18139CD72DC498DD00E836AE /* libiconv.tbd in Frameworks */,
				18139CD52DC498D400E836AE /* libc++.tbd in Frameworks */,
				18139CD32DC498CE00E836AE /* libbz2.tbd in Frameworks */,
				18139CD12DC498BD00E836AE /* libz.tbd in Frameworks */,
				18139CCF2DC498B700E836AE /* AVFoundation.framework in Frameworks */,
				18139CCC2DC498B200E836AE /* AudioToolbox.framework in Frameworks */,
				18139CCD2DC498B200E836AE /* VideoToolbox.framework in Frameworks */,
			);
			runOnlyForDeploymentPostprocessing = 0;
		};
		18139B372DC4987800E836AE /* Frameworks */ = {
			isa = PBXFrameworksBuildPhase;
			buildActionMask = 2147483647;
			files = (
				18139B3B2DC4987800E836AE /* FFmpegxrosKit.framework in Frameworks */,
			);
			runOnlyForDeploymentPostprocessing = 0;
		};
/* End PBXFrameworksBuildPhase section */

/* Begin PBXGroup section */
		18139B272DC4987700E836AE = {
			isa = PBXGroup;
			children = (
				18139B4B2DC4987F00E836AE /* FFmpegxrosKit */,
				18139B4E2DC4988100E836AE /* FFmpegxrosKitTests */,
				18139CC92DC498B200E836AE /* Frameworks */,
				18139B322DC4987700E836AE /* Products */,
			);
			sourceTree = "<group>";
		};
		18139B322DC4987700E836AE /* Products */ = {
			isa = PBXGroup;
			children = (
				18139B312DC4987700E836AE /* FFmpegxrosKit.framework */,
				18139B3A2DC4987800E836AE /* FFmpegxrosKitTests.xctest */,
			);
			name = Products;
			sourceTree = "<group>";
		};
		18139B4B2DC4987F00E836AE /* FFmpegxrosKit */ = {
			isa = PBXGroup;
			children = (
				18139CD82DC49CD800E836AE /* FFmpegCmd.h */,
				18139CD92DC49CD800E836AE /* FFmpegCmd.m */,
				18139CDA2DC49CD800E836AE /* FFmpegCmdFormat.h */,
				18139CDB2DC49CD800E836AE /* FFmpegCmdFormat.m */,
				18139CDC2DC49CD800E836AE /* FFmpegCommon.h */,
				18139CDD2DC49CD800E836AE /* NSString+FFmpeg.h */,
				18139CDE2DC49CD800E836AE /* NSString+FFmpeg.m */,
				18139C192DC4989400E836AE /* Vender */,
				18139B4A2DC4987F00E836AE /* FFmpegxrosKit.h */,
			);
			path = FFmpegxrosKit;
			sourceTree = "<group>";
		};
		18139B4E2DC4988100E836AE /* FFmpegxrosKitTests */ = {
			isa = PBXGroup;
			children = (
				18139B4D2DC4988100E836AE /* FFmpegxrosKitTests.m */,
			);
			path = FFmpegxrosKitTests;
			sourceTree = "<group>";
		};
		18139B562DC4989400E836AE /* include */ = {
			isa = PBXGroup;
			children = (
				18139B502DC4989400E836AE /* aacdecoder_lib.h */,
				18139B512DC4989400E836AE /* aacenc_lib.h */,
				18139B522DC4989400E836AE /* FDK_audio.h */,
				18139B532DC4989400E836AE /* genericStds.h */,
				18139B542DC4989400E836AE /* machine_type.h */,
				18139B552DC4989400E836AE /* syslib_channelMapDescr.h */,
			);
			path = include;
			sourceTree = "<group>";
		};
		18139B582DC4989400E836AE /* lib */ = {
			isa = PBXGroup;
			children = (
			);
			path = lib;
			sourceTree = "<group>";
		};
		18139B592DC4989400E836AE /* fdk-aac */ = {
			isa = PBXGroup;
			children = (
				18139B562DC4989400E836AE /* include */,
				18139B582DC4989400E836AE /* lib */,
			);
			path = "fdk-aac";
			sourceTree = "<group>";
		};
		18139BFB2DC4989400E836AE /* lib */ = {
			isa = PBXGroup;
			children = (
			);
			path = lib;
			sourceTree = "<group>";
		};
		18139C062DC4989400E836AE /* transcoder */ = {
			isa = PBXGroup;
			children = (
				18139BFC2DC4989400E836AE /* cmdutils.h */,
				18139BFD2DC4989400E836AE /* cmdutils.c */,
				18139BFE2DC4989400E836AE /* config.h */,
				18139BFF2DC4989400E836AE /* ffmpeg.h */,
				18139C002DC4989400E836AE /* ffmpeg.c */,
				18139C012DC4989400E836AE /* ffmpeg_filter.c */,
				18139C022DC4989400E836AE /* ffmpeg_hw.c */,
				18139C032DC4989400E836AE /* ffmpeg_opt.c */,
				18139C042DC4989400E836AE /* ffmpeg_videotoolbox.c */,
				18139C052DC4989400E836AE /* ffprobe.c */,
			);
			path = transcoder;
			sourceTree = "<group>";
		};
		18139C072DC4989400E836AE /* ffmpeg */ = {
			isa = PBXGroup;
			children = (
				18139BFB2DC4989400E836AE /* lib */,
				18139C062DC4989400E836AE /* transcoder */,
			);
			path = ffmpeg;
			sourceTree = "<group>";
		};
		18139C092DC4989400E836AE /* include */ = {
			isa = PBXGroup;
			children = (
				18139C082DC4989400E836AE /* lame.h */,
			);
			path = include;
			sourceTree = "<group>";
		};
		18139C0B2DC4989400E836AE /* lib */ = {
			isa = PBXGroup;
			children = (
			);
			path = lib;
			sourceTree = "<group>";
		};
		18139C0C2DC4989400E836AE /* lame */ = {
			isa = PBXGroup;
			children = (
				18139C092DC4989400E836AE /* include */,
				18139C0B2DC4989400E836AE /* lib */,
			);
			path = lame;
			sourceTree = "<group>";
		};
		18139C0F2DC4989400E836AE /* include */ = {
			isa = PBXGroup;
			children = (
				18139C0D2DC4989400E836AE /* x264.h */,
				18139C0E2DC4989400E836AE /* x264_config.h */,
			);
			path = include;
			sourceTree = "<group>";
		};
		18139C112DC4989400E836AE /* lib */ = {
			isa = PBXGroup;
			children = (
			);
			path = lib;
			sourceTree = "<group>";
		};
		18139C122DC4989400E836AE /* x264 */ = {
			isa = PBXGroup;
			children = (
				18139C0F2DC4989400E836AE /* include */,
				18139C112DC4989400E836AE /* lib */,
			);
			path = x264;
			sourceTree = "<group>";
		};
		18139C152DC4989400E836AE /* include */ = {
			isa = PBXGroup;
			children = (
				18139C132DC4989400E836AE /* x265.h */,
				18139C142DC4989400E836AE /* x265_config.h */,
			);
			path = include;
			sourceTree = "<group>";
		};
		18139C172DC4989400E836AE /* lib */ = {
			isa = PBXGroup;
			children = (
			);
			path = lib;
			sourceTree = "<group>";
		};
		18139C182DC4989400E836AE /* x265 */ = {
			isa = PBXGroup;
			children = (
				18139C152DC4989400E836AE /* include */,
				18139C172DC4989400E836AE /* lib */,
			);
			path = x265;
			sourceTree = "<group>";
		};
		18139C192DC4989400E836AE /* Vender */ = {
			isa = PBXGroup;
			children = (
				18139B592DC4989400E836AE /* fdk-aac */,
				18139C072DC4989400E836AE /* ffmpeg */,
				18139C0C2DC4989400E836AE /* lame */,
				18139C122DC4989400E836AE /* x264 */,
				18139C182DC4989400E836AE /* x265 */,
			);
			path = Vender;
			sourceTree = "<group>";
		};
		18139CC92DC498B200E836AE /* Frameworks */ = {
			isa = PBXGroup;
			children = (
				18139CE62DC49DFC00E836AE /* CoreAudio.framework */,
				18139CD62DC498DD00E836AE /* libiconv.tbd */,
				18139CD42DC498D400E836AE /* libc++.tbd */,
				18139CD22DC498CE00E836AE /* libbz2.tbd */,
				18139CD02DC498BD00E836AE /* libz.tbd */,
				18139CCE2DC498B700E836AE /* AVFoundation.framework */,
				18139CCA2DC498B200E836AE /* AudioToolbox.framework */,
				18139CCB2DC498B200E836AE /* VideoToolbox.framework */,
			);
			name = Frameworks;
			sourceTree = "<group>";
		};
/* End PBXGroup section */

/* Begin PBXHeadersBuildPhase section */
		18139B2C2DC4987700E836AE /* Headers */ = {
			isa = PBXHeadersBuildPhase;
			buildActionMask = 2147483647;
			files = (
				18139CDF2DC49CD800E836AE /* FFmpegCmd.h in Headers */,
				18139B4C2DC4987F00E836AE /* FFmpegxrosKit.h in Headers */,
				18139CE02DC49CD800E836AE /* FFmpegCmdFormat.h in Headers */,
				18139CE12DC49CD800E836AE /* FFmpegCommon.h in Headers */,
				18139C1E2DC4989400E836AE /* syslib_channelMapDescr.h in Headers */,
				18139C1F2DC4989400E836AE /* lame.h in Headers */,
				18139C2C2DC4989400E836AE /* cmdutils.h in Headers */,
				18139CE22DC49CD800E836AE /* NSString+FFmpeg.h in Headers */,
				18139C2F2DC4989400E836AE /* ffmpeg.h in Headers */,
				18139C3C2DC4989400E836AE /* x264.h in Headers */,
				18139C422DC4989400E836AE /* aacenc_lib.h in Headers */,
				18139C4E2DC4989400E836AE /* x265_config.h in Headers */,
				18139C582DC4989400E836AE /* x264_config.h in Headers */,
				18139C5A2DC4989400E836AE /* aacdecoder_lib.h in Headers */,
				18139C6A2DC4989400E836AE /* config.h in Headers */,
				18139C882DC4989400E836AE /* FDK_audio.h in Headers */,
				18139C912DC4989400E836AE /* machine_type.h in Headers */,
				18139C952DC4989400E836AE /* x265.h in Headers */,
				18139C9D2DC4989400E836AE /* genericStds.h in Headers */,
			);
			runOnlyForDeploymentPostprocessing = 0;
		};
/* End PBXHeadersBuildPhase section */

/* Begin PBXNativeTarget section */
		18139B302DC4987700E836AE /* FFmpegxrosKit */ = {
			isa = PBXNativeTarget;
			buildConfigurationList = 18139B422DC4987800E836AE /* Build configuration list for PBXNativeTarget "FFmpegxrosKit" */;
			buildPhases = (
				18139B2C2DC4987700E836AE /* Headers */,
				18139B2D2DC4987700E836AE /* Sources */,
				18139B2E2DC4987700E836AE /* Frameworks */,
				18139B2F2DC4987700E836AE /* Resources */,
			);
			buildRules = (
			);
			dependencies = (
			);
			name = FFmpegxrosKit;
			packageProductDependencies = (
			);
			productName = FFmpegxrosKit;
			productReference = 18139B312DC4987700E836AE /* FFmpegxrosKit.framework */;
			productType = "com.apple.product-type.framework";
		};
		18139B392DC4987800E836AE /* FFmpegxrosKitTests */ = {
			isa = PBXNativeTarget;
			buildConfigurationList = 18139B472DC4987800E836AE /* Build configuration list for PBXNativeTarget "FFmpegxrosKitTests" */;
			buildPhases = (
				18139B362DC4987800E836AE /* Sources */,
				18139B372DC4987800E836AE /* Frameworks */,
				18139B382DC4987800E836AE /* Resources */,
			);
			buildRules = (
			);
			dependencies = (
				18139B3D2DC4987800E836AE /* PBXTargetDependency */,
			);
			name = FFmpegxrosKitTests;
			packageProductDependencies = (
			);
			productName = FFmpegxrosKitTests;
			productReference = 18139B3A2DC4987800E836AE /* FFmpegxrosKitTests.xctest */;
			productType = "com.apple.product-type.bundle.unit-test";
		};
/* End PBXNativeTarget section */

/* Begin PBXProject section */
		18139B282DC4987700E836AE /* Project object */ = {
			isa = PBXProject;
			attributes = {
				BuildIndependentTargetsInParallel = 1;
				LastUpgradeCheck = 1630;
				TargetAttributes = {
					18139B302DC4987700E836AE = {
						CreatedOnToolsVersion = 16.3;
					};
					18139B392DC4987800E836AE = {
						CreatedOnToolsVersion = 16.3;
					};
				};
			};
			buildConfigurationList = 18139B2B2DC4987700E836AE /* Build configuration list for PBXProject "FFmpegxrosKit" */;
			developmentRegion = en;
			hasScannedForEncodings = 0;
			knownRegions = (
				en,
				Base,
			);
			mainGroup = 18139B272DC4987700E836AE;
			minimizedProjectReferenceProxies = 1;
			preferredProjectObjectVersion = 77;
			productRefGroup = 18139B322DC4987700E836AE /* Products */;
			projectDirPath = "";
			projectRoot = "";
			targets = (
				18139B302DC4987700E836AE /* FFmpegxrosKit */,
				18139B392DC4987800E836AE /* FFmpegxrosKitTests */,
			);
		};
/* End PBXProject section */

/* Begin PBXResourcesBuildPhase section */
		18139B2F2DC4987700E836AE /* Resources */ = {
			isa = PBXResourcesBuildPhase;
			buildActionMask = 2147483647;
			files = (
			);
			runOnlyForDeploymentPostprocessing = 0;
		};
		18139B382DC4987800E836AE /* Resources */ = {
			isa = PBXResourcesBuildPhase;
			buildActionMask = 2147483647;
			files = (
			);
			runOnlyForDeploymentPostprocessing = 0;
		};
/* End PBXResourcesBuildPhase section */

/* Begin PBXSourcesBuildPhase section */
		18139B2D2DC4987700E836AE /* Sources */ = {
			isa = PBXSourcesBuildPhase;
			buildActionMask = 2147483647;
			files = (
				18139CB42DC4989400E836AE /* cmdutils.c in Sources */,
				18139CE32DC49CD800E836AE /* FFmpegCmd.m in Sources */,
				18139CE42DC49CD800E836AE /* NSString+FFmpeg.m in Sources */,
				18139CE52DC49CD800E836AE /* FFmpegCmdFormat.m in Sources */,
				18139CB52DC4989400E836AE /* ffprobe.c in Sources */,
				18139CB62DC4989400E836AE /* ffmpeg_hw.c in Sources */,
				18139CB92DC4989400E836AE /* ffmpeg_opt.c in Sources */,
				18139CBA2DC4989400E836AE /* ffmpeg_videotoolbox.c in Sources */,
				18139CBB2DC4989400E836AE /* ffmpeg.c in Sources */,
				18139CBC2DC4989400E836AE /* ffmpeg_filter.c in Sources */,
			);
			runOnlyForDeploymentPostprocessing = 0;
		};
		18139B362DC4987800E836AE /* Sources */ = {
			isa = PBXSourcesBuildPhase;
			buildActionMask = 2147483647;
			files = (
				18139B4F2DC4988100E836AE /* FFmpegxrosKitTests.m in Sources */,
			);
			runOnlyForDeploymentPostprocessing = 0;
		};
/* End PBXSourcesBuildPhase section */

/* Begin PBXTargetDependency section */
		18139B3D2DC4987800E836AE /* PBXTargetDependency */ = {
			isa = PBXTargetDependency;
			target = 18139B302DC4987700E836AE /* FFmpegxrosKit */;
			targetProxy = 18139B3C2DC4987800E836AE /* PBXContainerItemProxy */;
		};
/* End PBXTargetDependency section */

/* Begin XCBuildConfiguration section */
		18139B432DC4987800E836AE /* Debug */ = {
			isa = XCBuildConfiguration;
			buildSettings = {
				ASSETCATALOG_COMPILER_GENERATE_SWIFT_ASSET_SYMBOL_EXTENSIONS = NO;
				BITCODE_GENERATION_MODE = bitcode;
				CLANG_CXX_LANGUAGE_STANDARD = "gnu++23";
				CLANG_CXX_LIBRARY = "libc++";
				CODE_SIGN_STYLE = Automatic;
				CURRENT_PROJECT_VERSION = 1;
				DEFINES_MODULE = YES;
				DEVELOPMENT_TEAM = M886BLY54Q;
				DYLIB_COMPATIBILITY_VERSION = 1;
				DYLIB_CURRENT_VERSION = 1;
				DYLIB_INSTALL_NAME_BASE = "@rpath";
				ENABLE_MODULE_VERIFIER = YES;
				GCC_INPUT_FILETYPE = sourcecode.c.objc;
				GENERATE_INFOPLIST_FILE = YES;
				HEADER_SEARCH_PATHS = (
					"$(inherited)",
					"$(PROJECT_DIR)/FFmpegxrosKit/Vender/x265/include",
					"$(PROJECT_DIR)/FFmpegxrosKit/Vender/x264/include",
					"$(PROJECT_DIR)/FFmpegxrosKit/Vender/lame/include",
					"$(PROJECT_DIR)/FFmpegxrosKit/Vender/fdk-aac/include",
					"$(PROJECT_DIR)/FFmpegxrosKit/Vender/ffmpeg/include",
				);
				INFOPLIST_KEY_NSHumanReadableCopyright = "";
				INSTALL_PATH = "$(LOCAL_LIBRARY_DIR)/Frameworks";
				LD_RUNPATH_SEARCH_PATHS = (
					"$(inherited)",
					"@executable_path/Frameworks",
					"@loader_path/Frameworks",
				);
				LIBRARY_SEARCH_PATHS = (
					"$(inherited)",
					"$(PROJECT_DIR)/FFmpegxrosKit/Vender/ffmpeg/lib",
					"$(PROJECT_DIR)/FFmpegxrosKit/Vender/x264/lib",
					"$(PROJECT_DIR)/FFmpegxrosKit/Vender/fdk-aac/lib",
					"$(PROJECT_DIR)/FFmpegxrosKit/Vender/x265/lib",
					"$(PROJECT_DIR)/FFmpegxrosKit/Vender/lame/lib",
				);
				MARKETING_VERSION = 1.0.0;
				MODULE_VERIFIER_SUPPORTED_LANGUAGES = "objective-c objective-c++";
				MODULE_VERIFIER_SUPPORTED_LANGUAGE_STANDARDS = "gnu17 gnu++20";
				MTL_ENABLE_DEBUG_INFO = YES;
				OTHER_CFLAGS = "-fvisibility=hidden";
				OTHER_CPLUSPLUSFLAGS = (
					"$(OTHER_CFLAGS)",
					"-fcxx-modules",
				);
				OTHER_SWIFT_FLAGS = "-warnings-as-errors";
				PRODUCT_BUNDLE_IDENTIFIER = ae.abuioabu4.FFmpegxrosKit;
				PRODUCT_NAME = "$(TARGET_NAME:c99extidentifier)";
				SKIP_INSTALL = YES;
				SUPPORTED_PLATFORMS = "xros xrsimulator";
				SWIFT_COMPILATION_MODE = singlefile;
				SWIFT_EMIT_LOC_STRINGS = YES;
				SWIFT_OPTIMIZATION_LEVEL = "-O";
				TARGETED_DEVICE_FAMILY = 7;
				VERSION_INFO_PREFIX = "__attribute__((visibility(\"default\")))";
				WARNING_CFLAGS = (
					"-Wno-shadow",
					"-Wno-documentation",
				);
				XROS_DEPLOYMENT_TARGET = 1.0;
			};
			name = Debug;
		};
		18139B442DC4987800E836AE /* Sandbox_Release */ = {
			isa = XCBuildConfiguration;
			buildSettings = {
				ASSETCATALOG_COMPILER_GENERATE_SWIFT_ASSET_SYMBOL_EXTENSIONS = NO;
				BITCODE_GENERATION_MODE = bitcode;
				CLANG_CXX_LANGUAGE_STANDARD = "gnu++23";
				CLANG_CXX_LIBRARY = "libc++";
				CODE_SIGN_STYLE = Automatic;
				CURRENT_PROJECT_VERSION = 1;
				DEFINES_MODULE = YES;
				DEVELOPMENT_TEAM = M886BLY54Q;
				DYLIB_COMPATIBILITY_VERSION = 1;
				DYLIB_CURRENT_VERSION = 1;
				DYLIB_INSTALL_NAME_BASE = "@rpath";
				ENABLE_MODULE_VERIFIER = YES;
				GCC_INPUT_FILETYPE = sourcecode.c.objc;
				GCC_PREPROCESSOR_DEFINITIONS = "NDEBUG=1";
				GENERATE_INFOPLIST_FILE = YES;
				HEADER_SEARCH_PATHS = (
					"$(inherited)",
					"$(PROJECT_DIR)/FFmpegxrosKit/Vender/x265/include",
					"$(PROJECT_DIR)/FFmpegxrosKit/Vender/x264/include",
					"$(PROJECT_DIR)/FFmpegxrosKit/Vender/lame/include",
					"$(PROJECT_DIR)/FFmpegxrosKit/Vender/fdk-aac/include",
					"$(PROJECT_DIR)/FFmpegxrosKit/Vender/ffmpeg/include",
				);
				INFOPLIST_KEY_NSHumanReadableCopyright = "";
				INSTALL_PATH = "$(LOCAL_LIBRARY_DIR)/Frameworks";
				LD_RUNPATH_SEARCH_PATHS = (
					"$(inherited)",
					"@executable_path/Frameworks",
					"@loader_path/Frameworks",
				);
				LIBRARY_SEARCH_PATHS = (
					"$(inherited)",
					"$(PROJECT_DIR)/FFmpegxrosKit/Vender/ffmpeg/lib",
					"$(PROJECT_DIR)/FFmpegxrosKit/Vender/x264/lib",
					"$(PROJECT_DIR)/FFmpegxrosKit/Vender/fdk-aac/lib",
					"$(PROJECT_DIR)/FFmpegxrosKit/Vender/x265/lib",
					"$(PROJECT_DIR)/FFmpegxrosKit/Vender/lame/lib",
				);
				MARKETING_VERSION = 1.0.0;
				MODULE_VERIFIER_SUPPORTED_LANGUAGES = "objective-c objective-c++";
				MODULE_VERIFIER_SUPPORTED_LANGUAGE_STANDARDS = "gnu17 gnu++20";
				OTHER_CFLAGS = "-fvisibility=hidden";
				OTHER_CPLUSPLUSFLAGS = (
					"$(OTHER_CFLAGS)",
					"-fcxx-modules",
				);
				OTHER_SWIFT_FLAGS = "-warnings-as-errors";
				PRODUCT_BUNDLE_IDENTIFIER = ae.abuioabu4.FFmpegxrosKit;
				PRODUCT_NAME = "$(TARGET_NAME:c99extidentifier)";
				SKIP_INSTALL = YES;
				STRIP_STYLE = "non-global";
				SUPPORTED_PLATFORMS = "xros xrsimulator";
				SWIFT_COMPILATION_MODE = wholemodule;
				SWIFT_EMIT_LOC_STRINGS = YES;
				SWIFT_OPTIMIZATION_LEVEL = "-O";
				TARGETED_DEVICE_FAMILY = 7;
				VERSION_INFO_PREFIX = "__attribute__((visibility(\"default\")))";
				WARNING_CFLAGS = (
					"-Wno-shadow",
					"-Wno-documentation",
				);
				XROS_DEPLOYMENT_TARGET = 1.0;
			};
			name = Sandbox_Release;
		};
		18139B452DC4987800E836AE /* Debug */ = {
			isa = XCBuildConfiguration;
			buildSettings = {
				ALWAYS_SEARCH_USER_PATHS = NO;
				ASSETCATALOG_COMPILER_GENERATE_SWIFT_ASSET_SYMBOL_EXTENSIONS = YES;
				CLANG_ANALYZER_NONNULL = YES;
				CLANG_ANALYZER_NUMBER_OBJECT_CONVERSION = YES_AGGRESSIVE;
				CLANG_CXX_LANGUAGE_STANDARD = "gnu++20";
				CLANG_ENABLE_MODULES = YES;
				CLANG_ENABLE_OBJC_ARC = YES;
				CLANG_ENABLE_OBJC_WEAK = YES;
				CLANG_WARN_BLOCK_CAPTURE_AUTORELEASING = YES;
				CLANG_WARN_BOOL_CONVERSION = YES;
				CLANG_WARN_COMMA = YES;
				CLANG_WARN_CONSTANT_CONVERSION = YES;
				CLANG_WARN_DEPRECATED_OBJC_IMPLEMENTATIONS = YES;
				CLANG_WARN_DIRECT_OBJC_ISA_USAGE = YES_ERROR;
				CLANG_WARN_DOCUMENTATION_COMMENTS = YES;
				CLANG_WARN_EMPTY_BODY = YES;
				CLANG_WARN_ENUM_CONVERSION = YES;
				CLANG_WARN_INFINITE_RECURSION = YES;
				CLANG_WARN_INT_CONVERSION = YES;
				CLANG_WARN_NON_LITERAL_NULL_CONVERSION = YES;
				CLANG_WARN_OBJC_IMPLICIT_RETAIN_SELF = YES;
				CLANG_WARN_OBJC_LITERAL_CONVERSION = YES;
				CLANG_WARN_OBJC_ROOT_CLASS = YES_ERROR;
				CLANG_WARN_QUOTED_INCLUDE_IN_FRAMEWORK_HEADER = YES;
				CLANG_WARN_RANGE_LOOP_ANALYSIS = YES;
				CLANG_WARN_STRICT_PROTOTYPES = YES;
				CLANG_WARN_SUSPICIOUS_MOVE = YES;
				CLANG_WARN_UNGUARDED_AVAILABILITY = YES_AGGRESSIVE;
				CLANG_WARN_UNREACHABLE_CODE = YES;
				CLANG_WARN__DUPLICATE_METHOD_MATCH = YES;
				COPY_PHASE_STRIP = NO;
				CURRENT_PROJECT_VERSION = 1;
				DEBUG_INFORMATION_FORMAT = dwarf;
				DEVELOPMENT_TEAM = M886BLY54Q;
				ENABLE_STRICT_OBJC_MSGSEND = YES;
				ENABLE_TESTABILITY = YES;
				ENABLE_USER_SCRIPT_SANDBOXING = YES;
				GCC_C_LANGUAGE_STANDARD = gnu17;
				GCC_DYNAMIC_NO_PIC = NO;
				GCC_NO_COMMON_BLOCKS = YES;
				GCC_OPTIMIZATION_LEVEL = 0;
				GCC_PREPROCESSOR_DEFINITIONS = (
					"DEBUG=1",
					"$(inherited)",
				);
				GCC_WARN_64_TO_32_BIT_CONVERSION = YES;
				GCC_WARN_ABOUT_RETURN_TYPE = YES_ERROR;
				GCC_WARN_UNDECLARED_SELECTOR = YES;
				GCC_WARN_UNINITIALIZED_AUTOS = YES_AGGRESSIVE;
				GCC_WARN_UNUSED_FUNCTION = YES;
				GCC_WARN_UNUSED_VARIABLE = YES;
				LOCALIZATION_PREFERS_STRING_CATALOGS = YES;
				MTL_ENABLE_DEBUG_INFO = INCLUDE_SOURCE;
				MTL_FAST_MATH = YES;
				ONLY_ACTIVE_ARCH = YES;
				SDKROOT = xros;
				VERSIONING_SYSTEM = "apple-generic";
				VERSION_INFO_PREFIX = "";
				XROS_DEPLOYMENT_TARGET = 2.4;
			};
			name = Debug;
		};
		18139B462DC4987800E836AE /* Sandbox_Release */ = {
			isa = XCBuildConfiguration;
			buildSettings = {
				ALWAYS_SEARCH_USER_PATHS = NO;
				ASSETCATALOG_COMPILER_GENERATE_SWIFT_ASSET_SYMBOL_EXTENSIONS = YES;
				CLANG_ANALYZER_NONNULL = YES;
				CLANG_ANALYZER_NUMBER_OBJECT_CONVERSION = YES_AGGRESSIVE;
				CLANG_CXX_LANGUAGE_STANDARD = "gnu++20";
				CLANG_ENABLE_MODULES = YES;
				CLANG_ENABLE_OBJC_ARC = YES;
				CLANG_ENABLE_OBJC_WEAK = YES;
				CLANG_WARN_BLOCK_CAPTURE_AUTORELEASING = YES;
				CLANG_WARN_BOOL_CONVERSION = YES;
				CLANG_WARN_COMMA = YES;
				CLANG_WARN_CONSTANT_CONVERSION = YES;
				CLANG_WARN_DEPRECATED_OBJC_IMPLEMENTATIONS = YES;
				CLANG_WARN_DIRECT_OBJC_ISA_USAGE = YES_ERROR;
				CLANG_WARN_DOCUMENTATION_COMMENTS = YES;
				CLANG_WARN_EMPTY_BODY = YES;
				CLANG_WARN_ENUM_CONVERSION = YES;
				CLANG_WARN_INFINITE_RECURSION = YES;
				CLANG_WARN_INT_CONVERSION = YES;
				CLANG_WARN_NON_LITERAL_NULL_CONVERSION = YES;
				CLANG_WARN_OBJC_IMPLICIT_RETAIN_SELF = YES;
				CLANG_WARN_OBJC_LITERAL_CONVERSION = YES;
				CLANG_WARN_OBJC_ROOT_CLASS = YES_ERROR;
				CLANG_WARN_QUOTED_INCLUDE_IN_FRAMEWORK_HEADER = YES;
				CLANG_WARN_RANGE_LOOP_ANALYSIS = YES;
				CLANG_WARN_STRICT_PROTOTYPES = YES;
				CLANG_WARN_SUSPICIOUS_MOVE = YES;
				CLANG_WARN_UNGUARDED_AVAILABILITY = YES_AGGRESSIVE;
				CLANG_WARN_UNREACHABLE_CODE = YES;
				CLANG_WARN__DUPLICATE_METHOD_MATCH = YES;
				COPY_PHASE_STRIP = NO;
				CURRENT_PROJECT_VERSION = 1;
				DEBUG_INFORMATION_FORMAT = "dwarf-with-dsym";
				DEVELOPMENT_TEAM = M886BLY54Q;
				ENABLE_NS_ASSERTIONS = NO;
				ENABLE_STRICT_OBJC_MSGSEND = YES;
				ENABLE_USER_SCRIPT_SANDBOXING = YES;
				GCC_C_LANGUAGE_STANDARD = gnu17;
				GCC_NO_COMMON_BLOCKS = YES;
				GCC_WARN_64_TO_32_BIT_CONVERSION = YES;
				GCC_WARN_ABOUT_RETURN_TYPE = YES_ERROR;
				GCC_WARN_UNDECLARED_SELECTOR = YES;
				GCC_WARN_UNINITIALIZED_AUTOS = YES_AGGRESSIVE;
				GCC_WARN_UNUSED_FUNCTION = YES;
				GCC_WARN_UNUSED_VARIABLE = YES;
				LOCALIZATION_PREFERS_STRING_CATALOGS = YES;
				MTL_ENABLE_DEBUG_INFO = NO;
				MTL_FAST_MATH = YES;
				SDKROOT = xros;
				VALIDATE_PRODUCT = YES;
				VERSIONING_SYSTEM = "apple-generic";
				VERSION_INFO_PREFIX = "";
				XROS_DEPLOYMENT_TARGET = 2.4;
			};
			name = Sandbox_Release;
		};
		18139B482DC4987800E836AE /* Debug */ = {
			isa = XCBuildConfiguration;
			buildSettings = {
				CODE_SIGN_STYLE = Automatic;
				CURRENT_PROJECT_VERSION = 1;
				DEVELOPMENT_TEAM = M886BLY54Q;
				GENERATE_INFOPLIST_FILE = YES;
				MARKETING_VERSION = 1.0;
				PRODUCT_BUNDLE_IDENTIFIER = ae.abuioabu4.FFmpegxrosKitTests;
				PRODUCT_NAME = "$(TARGET_NAME)";
				SUPPORTED_PLATFORMS = "xros xrsimulator";
				SWIFT_EMIT_LOC_STRINGS = NO;
				TARGETED_DEVICE_FAMILY = 7;
			};
			name = Debug;
		};
		18139B492DC4987800E836AE /* Sandbox_Release */ = {
			isa = XCBuildConfiguration;
			buildSettings = {
				CODE_SIGN_STYLE = Automatic;
				CURRENT_PROJECT_VERSION = 1;
				DEVELOPMENT_TEAM = M886BLY54Q;
				GENERATE_INFOPLIST_FILE = YES;
				MARKETING_VERSION = 1.0;
				PRODUCT_BUNDLE_IDENTIFIER = ae.abuioabu4.FFmpegxrosKitTests;
				PRODUCT_NAME = "$(TARGET_NAME)";
				SUPPORTED_PLATFORMS = "xros xrsimulator";
				SWIFT_EMIT_LOC_STRINGS = NO;
				TARGETED_DEVICE_FAMILY = 7;
			};
			name = Sandbox_Release;
		};
		35109C6F2DE00EF4003244E9 /* Production_Release */ = {
			isa = XCBuildConfiguration;
			buildSettings = {
				ALWAYS_SEARCH_USER_PATHS = NO;
				ASSETCATALOG_COMPILER_GENERATE_SWIFT_ASSET_SYMBOL_EXTENSIONS = YES;
				CLANG_ANALYZER_NONNULL = YES;
				CLANG_ANALYZER_NUMBER_OBJECT_CONVERSION = YES_AGGRESSIVE;
				CLANG_CXX_LANGUAGE_STANDARD = "gnu++20";
				CLANG_ENABLE_MODULES = YES;
				CLANG_ENABLE_OBJC_ARC = YES;
				CLANG_ENABLE_OBJC_WEAK = YES;
				CLANG_WARN_BLOCK_CAPTURE_AUTORELEASING = YES;
				CLANG_WARN_BOOL_CONVERSION = YES;
				CLANG_WARN_COMMA = YES;
				CLANG_WARN_CONSTANT_CONVERSION = YES;
				CLANG_WARN_DEPRECATED_OBJC_IMPLEMENTATIONS = YES;
				CLANG_WARN_DIRECT_OBJC_ISA_USAGE = YES_ERROR;
				CLANG_WARN_DOCUMENTATION_COMMENTS = YES;
				CLANG_WARN_EMPTY_BODY = YES;
				CLANG_WARN_ENUM_CONVERSION = YES;
				CLANG_WARN_INFINITE_RECURSION = YES;
				CLANG_WARN_INT_CONVERSION = YES;
				CLANG_WARN_NON_LITERAL_NULL_CONVERSION = YES;
				CLANG_WARN_OBJC_IMPLICIT_RETAIN_SELF = YES;
				CLANG_WARN_OBJC_LITERAL_CONVERSION = YES;
				CLANG_WARN_OBJC_ROOT_CLASS = YES_ERROR;
				CLANG_WARN_QUOTED_INCLUDE_IN_FRAMEWORK_HEADER = YES;
				CLANG_WARN_RANGE_LOOP_ANALYSIS = YES;
				CLANG_WARN_STRICT_PROTOTYPES = YES;
				CLANG_WARN_SUSPICIOUS_MOVE = YES;
				CLANG_WARN_UNGUARDED_AVAILABILITY = YES_AGGRESSIVE;
				CLANG_WARN_UNREACHABLE_CODE = YES;
				CLANG_WARN__DUPLICATE_METHOD_MATCH = YES;
				COPY_PHASE_STRIP = NO;
				CURRENT_PROJECT_VERSION = 1;
				DEBUG_INFORMATION_FORMAT = "dwarf-with-dsym";
				DEVELOPMENT_TEAM = M886BLY54Q;
				ENABLE_NS_ASSERTIONS = NO;
				ENABLE_STRICT_OBJC_MSGSEND = YES;
				ENABLE_USER_SCRIPT_SANDBOXING = YES;
				GCC_C_LANGUAGE_STANDARD = gnu17;
				GCC_NO_COMMON_BLOCKS = YES;
				GCC_WARN_64_TO_32_BIT_CONVERSION = YES;
				GCC_WARN_ABOUT_RETURN_TYPE = YES_ERROR;
				GCC_WARN_UNDECLARED_SELECTOR = YES;
				GCC_WARN_UNINITIALIZED_AUTOS = YES_AGGRESSIVE;
				GCC_WARN_UNUSED_FUNCTION = YES;
				GCC_WARN_UNUSED_VARIABLE = YES;
				LOCALIZATION_PREFERS_STRING_CATALOGS = YES;
				MTL_ENABLE_DEBUG_INFO = NO;
				MTL_FAST_MATH = YES;
				SDKROOT = xros;
				VALIDATE_PRODUCT = YES;
				VERSIONING_SYSTEM = "apple-generic";
				VERSION_INFO_PREFIX = "";
				XROS_DEPLOYMENT_TARGET = 2.4;
			};
			name = Production_Release;
		};
		35109C702DE00EF4003244E9 /* Production_Release */ = {
			isa = XCBuildConfiguration;
			buildSettings = {
				ASSETCATALOG_COMPILER_GENERATE_SWIFT_ASSET_SYMBOL_EXTENSIONS = NO;
				BITCODE_GENERATION_MODE = bitcode;
				CLANG_CXX_LANGUAGE_STANDARD = "gnu++23";
				CLANG_CXX_LIBRARY = "libc++";
				CODE_SIGN_STYLE = Automatic;
				CURRENT_PROJECT_VERSION = 1;
				DEFINES_MODULE = YES;
				DEVELOPMENT_TEAM = M886BLY54Q;
				DYLIB_COMPATIBILITY_VERSION = 1;
				DYLIB_CURRENT_VERSION = 1;
				DYLIB_INSTALL_NAME_BASE = "@rpath";
				ENABLE_MODULE_VERIFIER = YES;
				GCC_INPUT_FILETYPE = sourcecode.c.objc;
				GCC_PREPROCESSOR_DEFINITIONS = "NDEBUG=1";
				GENERATE_INFOPLIST_FILE = YES;
				HEADER_SEARCH_PATHS = (
					"$(inherited)",
					"$(PROJECT_DIR)/FFmpegxrosKit/Vender/x265/include",
					"$(PROJECT_DIR)/FFmpegxrosKit/Vender/x264/include",
					"$(PROJECT_DIR)/FFmpegxrosKit/Vender/lame/include",
					"$(PROJECT_DIR)/FFmpegxrosKit/Vender/fdk-aac/include",
					"$(PROJECT_DIR)/FFmpegxrosKit/Vender/ffmpeg/include",
				);
				INFOPLIST_KEY_NSHumanReadableCopyright = "";
				INSTALL_PATH = "$(LOCAL_LIBRARY_DIR)/Frameworks";
				LD_RUNPATH_SEARCH_PATHS = (
					"$(inherited)",
					"@executable_path/Frameworks",
					"@loader_path/Frameworks",
				);
				LIBRARY_SEARCH_PATHS = (
					"$(inherited)",
					"$(PROJECT_DIR)/FFmpegxrosKit/Vender/ffmpeg/lib",
					"$(PROJECT_DIR)/FFmpegxrosKit/Vender/x264/lib",
					"$(PROJECT_DIR)/FFmpegxrosKit/Vender/fdk-aac/lib",
					"$(PROJECT_DIR)/FFmpegxrosKit/Vender/x265/lib",
					"$(PROJECT_DIR)/FFmpegxrosKit/Vender/lame/lib",
				);
				MARKETING_VERSION = 1.0.0;
				MODULE_VERIFIER_SUPPORTED_LANGUAGES = "objective-c objective-c++";
				MODULE_VERIFIER_SUPPORTED_LANGUAGE_STANDARDS = "gnu17 gnu++20";
				OTHER_CFLAGS = "-fvisibility=hidden";
				OTHER_CPLUSPLUSFLAGS = (
					"$(OTHER_CFLAGS)",
					"-fcxx-modules",
				);
				OTHER_SWIFT_FLAGS = "-warnings-as-errors";
				PRODUCT_BUNDLE_IDENTIFIER = ae.abuioabu4.FFmpegxrosKit;
				PRODUCT_NAME = "$(TARGET_NAME:c99extidentifier)";
				SKIP_INSTALL = YES;
				STRIP_STYLE = "non-global";
				SUPPORTED_PLATFORMS = "xros xrsimulator";
				SWIFT_COMPILATION_MODE = wholemodule;
				SWIFT_EMIT_LOC_STRINGS = YES;
				SWIFT_OPTIMIZATION_LEVEL = "-O";
				TARGETED_DEVICE_FAMILY = 7;
				VERSION_INFO_PREFIX = "__attribute__((visibility(\"default\")))";
				WARNING_CFLAGS = (
					"-Wno-shadow",
					"-Wno-documentation",
				);
				XROS_DEPLOYMENT_TARGET = 1.0;
			};
			name = Production_Release;
		};
		35109C712DE00EF4003244E9 /* Production_Release */ = {
			isa = XCBuildConfiguration;
			buildSettings = {
				CODE_SIGN_STYLE = Automatic;
				CURRENT_PROJECT_VERSION = 1;
				DEVELOPMENT_TEAM = M886BLY54Q;
				GENERATE_INFOPLIST_FILE = YES;
				MARKETING_VERSION = 1.0;
				PRODUCT_BUNDLE_IDENTIFIER = ae.abuioabu4.FFmpegxrosKitTests;
				PRODUCT_NAME = "$(TARGET_NAME)";
				SUPPORTED_PLATFORMS = "xros xrsimulator";
				SWIFT_EMIT_LOC_STRINGS = NO;
				TARGETED_DEVICE_FAMILY = 7;
			};
			name = Production_Release;
		};
/* End XCBuildConfiguration section */

/* Begin XCConfigurationList section */
		18139B2B2DC4987700E836AE /* Build configuration list for PBXProject "FFmpegxrosKit" */ = {
			isa = XCConfigurationList;
			buildConfigurations = (
				18139B452DC4987800E836AE /* Debug */,
				18139B462DC4987800E836AE /* Sandbox_Release */,
				35109C6F2DE00EF4003244E9 /* Production_Release */,
			);
			defaultConfigurationIsVisible = 0;
			defaultConfigurationName = Sandbox_Release;
		};
		18139B422DC4987800E836AE /* Build configuration list for PBXNativeTarget "FFmpegxrosKit" */ = {
			isa = XCConfigurationList;
			buildConfigurations = (
				18139B432DC4987800E836AE /* Debug */,
				18139B442DC4987800E836AE /* Sandbox_Release */,
				35109C702DE00EF4003244E9 /* Production_Release */,
			);
			defaultConfigurationIsVisible = 0;
			defaultConfigurationName = Sandbox_Release;
		};
		18139B472DC4987800E836AE /* Build configuration list for PBXNativeTarget "FFmpegxrosKitTests" */ = {
			isa = XCConfigurationList;
			buildConfigurations = (
				18139B482DC4987800E836AE /* Debug */,
				18139B492DC4987800E836AE /* Sandbox_Release */,
				35109C712DE00EF4003244E9 /* Production_Release */,
			);
			defaultConfigurationIsVisible = 0;
			defaultConfigurationName = Sandbox_Release;
		};
/* End XCConfigurationList section */
	};
	rootObject = 18139B282DC4987700E836AE /* Project object */;
}
